{
  "name": "@orebot/x402-gateway",
  "version": "0.1.0",
  "lockfileVersion": 3,
  "requires": true,
  "packages": {
    "": {
      "name": "@orebot/x402-gateway",
      "version": "0.1.0",
      "dependencies": {
        "@coinbase/x402": "^2.1.0",
        "@x402/core": "^2.3.0",
        "@x402/evm": "^2.3.0",
        "@x402/express": "^2.3.0",
        "better-sqlite3": "^11.3.0",
        "dotenv": "^16.4.5",
        "ethers": "^6.17.0",
        "express": "^4.19.2"
      }
    }
  }
}
